
Microsoft Visual Studio Solution File, Format Version 12.00
# Visual Studio Version 17
VisualStudioVersion = 17.6.33829.357
MinimumVisualStudioVersion = 10.0.40219.1
Project("{9A19103F-16F7-4668-BE54-9A1E7A4F7556}") = "Multiplayer", "Source\Multiplayer.csproj", "{FC7FF0C4-8F9F-43B9-963F-5C8B3B8920AF}"
EndProject
Project("{FAE04EC0-301F-11D3-BF4B-00C04F79EFBC}") = "Server", "Server\Server.csproj", "{7EFEDB4C-E94A-4225-B3E1-D683662EA016}"
EndProject
Global
	GlobalSection(SolutionConfigurationPlatforms) = preSolution
		Debug|Any CPU = Debug|Any CPU
		Release|Any CPU = Release|Any CPU
	EndGlobalSection
	GlobalSection(ProjectConfigurationPlatforms) = postSolution
		{FC7FF0C4-8F9F-43B9-963F-5C8B3B8920AF}.Debug|Any CPU.ActiveCfg = Debug|Any CPU
		{FC7FF0C4-8F9F-43B9-963F-5C8B3B8920AF}.Debug|Any CPU.Build.0 = Debug|Any CPU
		{FC7FF0C4-8F9F-43B9-963F-5C8B3B8920AF}.Release|Any CPU.ActiveCfg = Release|Any CPU
		{FC7FF0C4-8F9F-43B9-963F-5C8B3B8920AF}.Release|Any CPU.Build.0 = Release|Any CPU
		{7EFEDB4C-E94A-4225-B3E1-D683662EA016}.Debug|Any CPU.ActiveCfg = Debug|Any CPU
		{7EFEDB4C-E94A-4225-B3E1-D683662EA016}.Debug|Any CPU.Build.0 = Debug|Any CPU
		{7EFEDB4C-E94A-4225-B3E1-D683662EA016}.Release|Any CPU.ActiveCfg = Release|Any CPU
		{7EFEDB4C-E94A-4225-B3E1-D683662EA016}.Release|Any CPU.Build.0 = Release|Any CPU
		{DBC3E236-AB2E-49A0-844F-367047EB07CF}.Debug|Any CPU.ActiveCfg = Debug|Any CPU
		{DBC3E236-AB2E-49A0-844F-367047EB07CF}.Debug|Any CPU.Build.0 = Debug|Any CPU
		{DBC3E236-AB2E-49A0-844F-367047EB07CF}.Release|Any CPU.ActiveCfg = Release|Any CPU
		{DBC3E236-AB2E-49A0-844F-367047EB07CF}.Release|Any CPU.Build.0 = Release|Any CPU
	EndGlobalSection
	GlobalSection(SolutionProperties) = preSolution
		HideSolutionNode = FALSE
	EndGlobalSection
	GlobalSection(ExtensibilityGlobals) = postSolution
		SolutionGuid = {3D92830C-E0C6-4B4E-9BDA-ED69B00E2734}
	EndGlobalSection
EndGlobal
